# This file was autogenerated by Stack.
# You should not edit this file by hand.
# For more information, please see the documentation at:
#   https://docs.haskellstack.org/en/stable/lock_files

packages:
- completed:
    hackage: combinat-0.2.10.0@sha256:adc1dbb532b048e419374e9e89dc4f92c47758300ffe8534a54849266706e53b,5318
    pantry-tree:
      sha256: 3633e40972d9b3bc12ae75fdeadff558d5bf8293f592245db8bfdbff8c9e22be
      size: 4964
  original:
    hackage: combinat-0.2.10.0@sha256:adc1dbb532b048e419374e9e89dc4f92c47758300ffe8534a54849266706e53b,5318
- completed:
    hackage: compact-word-vectors-0.2.0.2@sha256:49cf00f224000f149306e7043c228fa33e3dba87f10589e8326388c3278ba594,2709
    pantry-tree:
      sha256: 5713337589ee024f627123b448f8bf6ddf33e457c72daabc84a12f4ce7d8ddb0
      size: 744
  original:
    hackage: compact-word-vectors-0.2.0.2@sha256:49cf00f224000f149306e7043c228fa33e3dba87f10589e8326388c3278ba594,2709
- completed:
    hackage: ghc-tcplugin-api-0.10.0.0@sha256:e48b4849cf41f1a14c4550600a7f049451c413c317e937c85fe9fea61239382b,4641
    pantry-tree:
      sha256: 6eb15b77c7e82aad03d48efdb417b7e3a65edc9722d195c116c56a42d676e6ac
      size: 498
  original:
    hackage: ghc-tcplugin-api-0.10.0.0
- completed:
    name: dekking-plugin
    pantry-tree:
      sha256: 768cb5a405069f3d98ef1dae4e4e8e1741902be540d3829a4294ccfbf0bf6be9
      size: 483
    sha256: ce95629bebbc0841ecdb9971249a1285107c667b90b62f060a4f40369f80f012
    size: 32145
    subdir: dekking-plugin
    url: https://github.com/jonathanjameswatson/dekking/archive/041dc895b4e2b2b156a1c71a5f52dfed6e69de54.tar.gz
    version: 0.0.0.0
  original:
    subdir: dekking-plugin
    url: https://github.com/jonathanjameswatson/dekking/archive/041dc895b4e2b2b156a1c71a5f52dfed6e69de54.tar.gz
- completed:
    name: dekking-value
    pantry-tree:
      sha256: 621939a94869c1946517769f9ca636bc5f4756772bd085115a6091994c3fbc8c
      size: 288
    sha256: ce95629bebbc0841ecdb9971249a1285107c667b90b62f060a4f40369f80f012
    size: 32145
    subdir: dekking-value
    url: https://github.com/jonathanjameswatson/dekking/archive/041dc895b4e2b2b156a1c71a5f52dfed6e69de54.tar.gz
    version: 0.0.0.0
  original:
    subdir: dekking-value
    url: https://github.com/jonathanjameswatson/dekking/archive/041dc895b4e2b2b156a1c71a5f52dfed6e69de54.tar.gz
snapshots:
- completed:
    sha256: 14ca51a9a597c32dd7804c10d079feea3d0ae40c5fbbb346cbd67b3ae49f6d01
    size: 649598
    url: https://raw.githubusercontent.com/commercialhaskell/stackage-snapshots/master/lts/20/17.yaml
  original: lts-20.17
