# This file was autogenerated by Stack.
# You should not edit this file by hand.
# For more information, please see the documentation at:
#   https://docs.haskellstack.org/en/stable/lock_files

packages:
- completed:
    hackage: ghc-tcplugin-api-0.10.0.0@sha256:e48b4849cf41f1a14c4550600a7f049451c413c317e937c85fe9fea61239382b,4641
    pantry-tree:
      sha256: 6eb15b77c7e82aad03d48efdb417b7e3a65edc9722d195c116c56a42d676e6ac
      size: 498
  original:
    hackage: ghc-tcplugin-api-0.10.0.0
snapshots:
- completed:
    sha256: b37c0abab16c7de352c45b85f8ecc8530b084209a2c42987a96c92b4a5e3cd65
    size: 648924
    url: https://raw.githubusercontent.com/commercialhaskell/stackage-snapshots/master/lts/20/13.yaml
  original: lts-20.13
