# This file was autogenerated by Stack.
# You should not edit this file by hand.
# For more information, please see the documentation at:
#   https://docs.haskellstack.org/en/stable/lock_files

packages:
- completed:
    hackage: ghc-tcplugin-api-0.9.0.0@sha256:36301d3175153aa1fa9c3dab5f70692293f09f1f26ef907f42d0f54ef9d3ce6a,4597
    pantry-tree:
      sha256: a3f8d371dfaf9612e84e1d2aa30b08176c91f7247b07a0616885855cb1d132b6
      size: 498
  original:
    hackage: ghc-tcplugin-api-0.9.0.0
snapshots:
- completed:
    sha256: b37c0abab16c7de352c45b85f8ecc8530b084209a2c42987a96c92b4a5e3cd65
    size: 648924
    url: https://raw.githubusercontent.com/commercialhaskell/stackage-snapshots/master/lts/20/13.yaml
  original: lts-20.13
